// !$*UTF8*$!
{
	archiveVersion = 1;
	classes = {
	};
	objectVersion = 46;
	objects = {

/* Begin PBXBuildFile section */
		A6FFFA301AD9596200A544C5 /* main.m in Sources */ = {isa = PBXBuildFile; fileRef = A6FFFA2F1AD9596200A544C5 /* main.m */; };
		A6FFFA331AD9596200A544C5 /* AppDelegate.m in Sources */ = {isa = PBXBuildFile; fileRef = A6FFFA321AD9596200A544C5 /* AppDelegate.m */; };
		A6FFFA361AD9596200A544C5 /* ViewController.m in Sources */ = {isa = PBXBuildFile; fileRef = A6FFFA351AD9596200A544C5 /* ViewController.m */; };
		A6FFFA391AD9596200A544C5 /* Main.storyboard in Resources */ = {isa = PBXBuildFile; fileRef = A6FFFA371AD9596200A544C5 /* Main.storyboard */; };
		A6FFFA3B1AD9596200A544C5 /* Images.xcassets in Resources */ = {isa = PBXBuildFile; fileRef = A6FFFA3A1AD9596200A544C5 /* Images.xcassets */; };
		A6FFFA3E1AD9596200A544C5 /* LaunchScreen.xib in Resources */ = {isa = PBXBuildFile; fileRef = A6FFFA3C1AD9596200A544C5 /* LaunchScreen.xib */; };
		A6FFFA4A1AD9596200A544C5 /* ConferenceManagementTests.m in Sources */ = {isa = PBXBuildFile; fileRef = A6FFFA491AD9596200A544C5 /* ConferenceManagementTests.m */; };
		A6FFFA551AD9635600A544C5 /* Talk.m in Sources */ = {isa = PBXBuildFile; fileRef = A6FFFA541AD9635600A544C5 /* Talk.m */; };
		A6FFFA581ADA0B1800A544C5 /* Myfunction.m in Sources */ = {isa = PBXBuildFile; fileRef = A6FFFA571ADA0B1800A544C5 /* Myfunction.m */; };
/* End PBXBuildFile section */

/* Begin PBXContainerItemProxy section */
		A6FFFA441AD9596200A544C5 /* PBXContainerItemProxy */ = {
			isa = PBXContainerItemProxy;
			containerPortal = A6FFFA221AD9596200A544C5 /* Project object */;
			proxyType = 1;
			remoteGlobalIDString = A6FFFA291AD9596200A544C5;
			remoteInfo = ConferenceManagement;
		};
/* End PBXContainerItemProxy section */

/* Begin PBXFileReference section */
		A6FFFA2A1AD9596200A544C5 /* ConferenceManagement.app */ = {isa = PBXFileReference; explicitFileType = wrapper.application; includeInIndex = 0; path = ConferenceManagement.app; sourceTree = BUILT_PRODUCTS_DIR; };
		A6FFFA2E1AD9596200A544C5 /* Info.plist */ = {isa = PBXFileReference; lastKnownFileType = text.plist.xml; path = Info.plist; sourceTree = "<group>"; };
		A6FFFA2F1AD9596200A544C5 /* main.m */ = {isa = PBXFileReference; lastKnownFileType = sourcecode.c.objc; path = main.m; sourceTree = "<group>"; };
		A6FFFA311AD9596200A544C5 /* AppDelegate.h */ = {isa = PBXFileReference; lastKnownFileType = sourcecode.c.h; path = AppDelegate.h; sourceTree = "<group>"; };
		A6FFFA321AD9596200A544C5 /* AppDelegate.m */ = {isa = PBXFileReference; lastKnownFileType = sourcecode.c.objc; path = AppDelegate.m; sourceTree = "<group>"; };
		A6FFFA341AD9596200A544C5 /* ViewController.h */ = {isa = PBXFileReference; lastKnownFileType = sourcecode.c.h; path = ViewController.h; sourceTree = "<group>"; };
		A6FFFA351AD9596200A544C5 /* ViewController.m */ = {isa = PBXFileReference; lastKnownFileType = sourcecode.c.objc; path = ViewController.m; sourceTree = "<group>"; };
		A6FFFA381AD9596200A544C5 /* Base */ = {isa = PBXFileReference; lastKnownFileType = file.storyboard; name = Base; path = Base.lproj/Main.storyboard; sourceTree = "<group>"; };
		A6FFFA3A1AD9596200A544C5 /* Images.xcassets */ = {isa = PBXFileReference; lastKnownFileType = folder.assetcatalog; path = Images.xcassets; sourceTree = "<group>"; };
		A6FFFA3D1AD9596200A544C5 /* Base */ = {isa = PBXFileReference; lastKnownFileType = file.xib; name = Base; path = Base.lproj/LaunchScreen.xib; sourceTree = "<group>"; };
		A6FFFA431AD9596200A544C5 /* ConferenceManagementTests.xctest */ = {isa = PBXFileReference; explicitFileType = wrapper.cfbundle; includeInIndex = 0; path = ConferenceManagementTests.xctest; sourceTree = BUILT_PRODUCTS_DIR; };
		A6FFFA481AD9596200A544C5 /* Info.plist */ = {isa = PBXFileReference; lastKnownFileType = text.plist.xml; path = Info.plist; sourceTree = "<group>"; };
		A6FFFA491AD9596200A544C5 /* ConferenceManagementTests.m */ = {isa = PBXFileReference; lastKnownFileType = sourcecode.c.objc; path = ConferenceManagementTests.m; sourceTree = "<group>"; };
		A6FFFA531AD9635600A544C5 /* Talk.h */ = {isa = PBXFileReference; fileEncoding = 4; lastKnownFileType = sourcecode.c.h; path = Talk.h; sourceTree = "<group>"; };
		A6FFFA541AD9635600A544C5 /* Talk.m */ = {isa = PBXFileReference; fileEncoding = 4; lastKnownFileType = sourcecode.c.objc; path = Talk.m; sourceTree = "<group>"; };
		A6FFFA561ADA0B1800A544C5 /* Myfunction.h */ = {isa = PBXFileReference; fileEncoding = 4; lastKnownFileType = sourcecode.c.h; path = Myfunction.h; sourceTree = "<group>"; };
		A6FFFA571ADA0B1800A544C5 /* Myfunction.m */ = {isa = PBXFileReference; fileEncoding = 4; lastKnownFileType = sourcecode.c.objc; path = Myfunction.m; sourceTree = "<group>"; };
/* End PBXFileReference section */

/* Begin PBXFrameworksBuildPhase section */
		A6FFFA271AD9596200A544C5 /* Frameworks */ = {
			isa = PBXFrameworksBuildPhase;
			buildActionMask = 2147483647;
			files = (
			);
			runOnlyForDeploymentPostprocessing = 0;
		};
		A6FFFA401AD9596200A544C5 /* Frameworks */ = {
			isa = PBXFrameworksBuildPhase;
			buildActionMask = 2147483647;
			files = (
			);
			runOnlyForDeploymentPostprocessing = 0;
		};
/* End PBXFrameworksBuildPhase section */

/* Begin PBXGroup section */
		A6FFFA211AD9596200A544C5 = {
			isa = PBXGroup;
			children = (
				A6FFFA2C1AD9596200A544C5 /* ConferenceManagement */,
				A6FFFA461AD9596200A544C5 /* ConferenceManagementTests */,
				A6FFFA2B1AD9596200A544C5 /* Products */,
			);
			sourceTree = "<group>";
		};
		A6FFFA2B1AD9596200A544C5 /* Products */ = {
			isa = PBXGroup;
			children = (
				A6FFFA2A1AD9596200A544C5 /* ConferenceManagement.app */,
				A6FFFA431AD9596200A544C5 /* ConferenceManagementTests.xctest */,
			);
			name = Products;
			sourceTree = "<group>";
		};
		A6FFFA2C1AD9596200A544C5 /* ConferenceManagement */ = {
			isa = PBXGroup;
			children = (
				A6FFFA311AD9596200A544C5 /* AppDelegate.h */,
				A6FFFA321AD9596200A544C5 /* AppDelegate.m */,
				A6FFFA341AD9596200A544C5 /* ViewController.h */,
				A6FFFA351AD9596200A544C5 /* ViewController.m */,
				A6FFFA371AD9596200A544C5 /* Main.storyboard */,
				A6FFFA531AD9635600A544C5 /* Talk.h */,
				A6FFFA541AD9635600A544C5 /* Talk.m */,
				A6FFFA561ADA0B1800A544C5 /* Myfunction.h */,
				A6FFFA571ADA0B1800A544C5 /* Myfunction.m */,
				A6FFFA3A1AD9596200A544C5 /* Images.xcassets */,
				A6FFFA3C1AD9596200A544C5 /* LaunchScreen.xib */,
				A6FFFA2D1AD9596200A544C5 /* Supporting Files */,
			);
			path = ConferenceManagement;
			sourceTree = "<group>";
		};
		A6FFFA2D1AD9596200A544C5 /* Supporting Files */ = {
			isa = PBXGroup;
			children = (
				A6FFFA2E1AD9596200A544C5 /* Info.plist */,
				A6FFFA2F1AD9596200A544C5 /* main.m */,
			);
			name = "Supporting Files";
			sourceTree = "<group>";
		};
		A6FFFA461AD9596200A544C5 /* ConferenceManagementTests */ = {
			isa = PBXGroup;
			children = (
				A6FFFA491AD9596200A544C5 /* ConferenceManagementTests.m */,
				A6FFFA471AD9596200A544C5 /* Supporting Files */,
			);
			path = ConferenceManagementTests;
			sourceTree = "<group>";
		};
		A6FFFA471AD9596200A544C5 /* Supporting Files */ = {
			isa = PBXGroup;
			children = (
				A6FFFA481AD9596200A544C5 /* Info.plist */,
			);
			name = "Supporting Files";
			sourceTree = "<group>";
		};
/* End PBXGroup section */

/* Begin PBXNativeTarget section */
		A6FFFA291AD9596200A544C5 /* ConferenceManagement */ = {
			isa = PBXNativeTarget;
			buildConfigurationList = A6FFFA4D1AD9596200A544C5 /* Build configuration list for PBXNativeTarget "ConferenceManagement" */;
			buildPhases = (
				A6FFFA261AD9596200A544C5 /* Sources */,
				A6FFFA271AD9596200A544C5 /* Frameworks */,
				A6FFFA281AD9596200A544C5 /* Resources */,
			);
			buildRules = (
			);
			dependencies = (
			);
			name = ConferenceManagement;
			productName = ConferenceManagement;
			productReference = A6FFFA2A1AD9596200A544C5 /* ConferenceManagement.app */;
			productType = "com.apple.product-type.application";
		};
		A6FFFA421AD9596200A544C5 /* ConferenceManagementTests */ = {
			isa = PBXNativeTarget;
			buildConfigurationList = A6FFFA501AD9596200A544C5 /* Build configuration list for PBXNativeTarget "ConferenceManagementTests" */;
			buildPhases = (
				A6FFFA3F1AD9596200A544C5 /* Sources */,
				A6FFFA401AD9596200A544C5 /* Frameworks */,
				A6FFFA411AD9596200A544C5 /* Resources */,
			);
			buildRules = (
			);
			dependencies = (
				A6FFFA451AD9596200A544C5 /* PBXTargetDependency */,
			);
			name = ConferenceManagementTests;
			productName = ConferenceManagementTests;
			productReference = A6FFFA431AD9596200A544C5 /* ConferenceManagementTests.xctest */;
			productType = "com.apple.product-type.bundle.unit-test";
		};
/* End PBXNativeTarget section */

/* Begin PBXProject section */
		A6FFFA221AD9596200A544C5 /* Project object */ = {
			isa = PBXProject;
			attributes = {
				LastUpgradeCheck = 0620;
				ORGANIZATIONNAME = lixiang;
				TargetAttributes = {
					A6FFFA291AD9596200A544C5 = {
						CreatedOnToolsVersion = 6.2;
					};
					A6FFFA421AD9596200A544C5 = {
						CreatedOnToolsVersion = 6.2;
						TestTargetID = A6FFFA291AD9596200A544C5;
					};
				};
			};
			buildConfigurationList = A6FFFA251AD9596200A544C5 /* Build configuration list for PBXProject "ConferenceManagement" */;
			compatibilityVersion = "Xcode 3.2";
			developmentRegion = English;
			hasScannedForEncodings = 0;
			knownRegions = (
				en,
				Base,
			);
			mainGroup = A6FFFA211AD9596200A544C5;
			productRefGroup = A6FFFA2B1AD9596200A544C5 /* Products */;
			projectDirPath = "";
			projectRoot = "";
			targets = (
				A6FFFA291AD9596200A544C5 /* ConferenceManagement */,
				A6FFFA421AD9596200A544C5 /* ConferenceManagementTests */,
			);
		};
/* End PBXProject section */

/* Begin PBXResourcesBuildPhase section */
		A6FFFA281AD9596200A544C5 /* Resources */ = {
			isa = PBXResourcesBuildPhase;
			buildActionMask = 2147483647;
			files = (
				A6FFFA391AD9596200A544C5 /* Main.storyboard in Resources */,
				A6FFFA3E1AD9596200A544C5 /* LaunchScreen.xib in Resources */,
				A6FFFA3B1AD9596200A544C5 /* Images.xcassets in Resources */,
			);
			runOnlyForDeploymentPostprocessing = 0;
		};
		A6FFFA411AD9596200A544C5 /* Resources */ = {
			isa = PBXResourcesBuildPhase;
			buildActionMask = 2147483647;
			files = (
			);
			runOnlyForDeploymentPostprocessing = 0;
		};
/* End PBXResourcesBuildPhase section */

/* Begin PBXSourcesBuildPhase section */
		A6FFFA261AD9596200A544C5 /* Sources */ = {
			isa = PBXSourcesBuildPhase;
			buildActionMask = 2147483647;
			files = (
				A6FFFA581ADA0B1800A544C5 /* Myfunction.m in Sources */,
				A6FFFA361AD9596200A544C5 /* ViewController.m in Sources */,
				A6FFFA551AD9635600A544C5 /* Talk.m in Sources */,
				A6FFFA331AD9596200A544C5 /* AppDelegate.m in Sources */,
				A6FFFA301AD9596200A544C5 /* main.m in Sources */,
			);
			runOnlyForDeploymentPostprocessing = 0;
		};
		A6FFFA3F1AD9596200A544C5 /* Sources */ = {
			isa = PBXSourcesBuildPhase;
			buildActionMask = 2147483647;
			files = (
				A6FFFA4A1AD9596200A544C5 /* ConferenceManagementTests.m in Sources */,
			);
			runOnlyForDeploymentPostprocessing = 0;
		};
/* End PBXSourcesBuildPhase section */

/* Begin PBXTargetDependency section */
		A6FFFA451AD9596200A544C5 /* PBXTargetDependency */ = {
			isa = PBXTargetDependency;
			target = A6FFFA291AD9596200A544C5 /* ConferenceManagement */;
			targetProxy = A6FFFA441AD9596200A544C5 /* PBXContainerItemProxy */;
		};
/* End PBXTargetDependency section */

/* Begin PBXVariantGroup section */
		A6FFFA371AD9596200A544C5 /* Main.storyboard */ = {
			isa = PBXVariantGroup;
			children = (
				A6FFFA381AD9596200A544C5 /* Base */,
			);
			name = Main.storyboard;
			sourceTree = "<group>";
		};
		A6FFFA3C1AD9596200A544C5 /* LaunchScreen.xib */ = {
			isa = PBXVariantGroup;
			children = (
				A6FFFA3D1AD9596200A544C5 /* Base */,
			);
			name = LaunchScreen.xib;
			sourceTree = "<group>";
		};
/* End PBXVariantGroup section */

/* Begin XCBuildConfiguration section */
		A6FFFA4B1AD9596200A544C5 /* Debug */ = {
			isa = XCBuildConfiguration;
			buildSettings = {
				ALWAYS_SEARCH_USER_PATHS = NO;
				CLANG_CXX_LANGUAGE_STANDARD = "gnu++0x";
				CLANG_CXX_LIBRARY = "libc++";
				CLANG_ENABLE_MODULES = YES;
				CLANG_ENABLE_OBJC_ARC = YES;
				CLANG_WARN_BOOL_CONVERSION = YES;
				CLANG_WARN_CONSTANT_CONVERSION = YES;
				CLANG_WARN_DIRECT_OBJC_ISA_USAGE = YES_ERROR;
				CLANG_WARN_EMPTY_BODY = YES;
				CLANG_WARN_ENUM_CONVERSION = YES;
				CLANG_WARN_INT_CONVERSION = YES;
				CLANG_WARN_OBJC_ROOT_CLASS = YES_ERROR;
				CLANG_WARN_UNREACHABLE_CODE = YES;
				CLANG_WARN__DUPLICATE_METHOD_MATCH = YES;
				"CODE_SIGN_IDENTITY[sdk=iphoneos*]" = "iPhone Developer";
				COPY_PHASE_STRIP = NO;
				ENABLE_STRICT_OBJC_MSGSEND = YES;
				GCC_C_LANGUAGE_STANDARD = gnu99;
				GCC_DYNAMIC_NO_PIC = NO;
				GCC_OPTIMIZATION_LEVEL = 0;
				GCC_PREPROCESSOR_DEFINITIONS = (
					"DEBUG=1",
					"$(inherited)",
				);
				GCC_SYMBOLS_PRIVATE_EXTERN = NO;
				GCC_WARN_64_TO_32_BIT_CONVERSION = YES;
				GCC_WARN_ABOUT_RETURN_TYPE = YES_ERROR;
				GCC_WARN_UNDECLARED_SELECTOR = YES;
				GCC_WARN_UNINITIALIZED_AUTOS = YES_AGGRESSIVE;
				GCC_WARN_UNUSED_FUNCTION = YES;
				GCC_WARN_UNUSED_VARIABLE = YES;
				IPHONEOS_DEPLOYMENT_TARGET = 8.2;
				MTL_ENABLE_DEBUG_INFO = YES;
				ONLY_ACTIVE_ARCH = YES;
				SDKROOT = iphoneos;
			};
			name = Debug;
		};
		A6FFFA4C1AD9596200A544C5 /* Release */ = {
			isa = XCBuildConfiguration;
			buildSettings = {
				ALWAYS_SEARCH_USER_PATHS = NO;
				CLANG_CXX_LANGUAGE_STANDARD = "gnu++0x";
				CLANG_CXX_LIBRARY = "libc++";
				CLANG_ENABLE_MODULES = YES;
				CLANG_ENABLE_OBJC_ARC = YES;
				CLANG_WARN_BOOL_CONVERSION = YES;
				CLANG_WARN_CONSTANT_CONVERSION = YES;
				CLANG_WARN_DIRECT_OBJC_ISA_USAGE = YES_ERROR;
				CLANG_WARN_EMPTY_BODY = YES;
				CLANG_WARN_ENUM_CONVERSION = YES;
				CLANG_WARN_INT_CONVERSION = YES;
				CLANG_WARN_OBJC_ROOT_CLASS = YES_ERROR;
				CLANG_WARN_UNREACHABLE_CODE = YES;
				CLANG_WARN__DUPLICATE_METHOD_MATCH = YES;
				"CODE_SIGN_IDENTITY[sdk=iphoneos*]" = "iPhone Developer";
				COPY_PHASE_STRIP = NO;
				ENABLE_NS_ASSERTIONS = NO;
				ENABLE_STRICT_OBJC_MSGSEND = YES;
				GCC_C_LANGUAGE_STANDARD = gnu99;
				GCC_WARN_64_TO_32_BIT_CONVERSION = YES;
				GCC_WARN_ABOUT_RETURN_TYPE = YES_ERROR;
				GCC_WARN_UNDECLARED_SELECTOR = YES;
				GCC_WARN_UNINITIALIZED_AUTOS = YES_AGGRESSIVE;
				GCC_WARN_UNUSED_FUNCTION = YES;
				GCC_WARN_UNUSED_VARIABLE = YES;
				IPHONEOS_DEPLOYMENT_TARGET = 8.2;
				MTL_ENABLE_DEBUG_INFO = NO;
				SDKROOT = iphoneos;
				VALIDATE_PRODUCT = YES;
			};
			name = Release;
		};
		A6FFFA4E1AD9596200A544C5 /* Debug */ = {
			isa = XCBuildConfiguration;
			buildSettings = {
				ASSETCATALOG_COMPILER_APPICON_NAME = AppIcon;
				INFOPLIST_FILE = ConferenceManagement/Info.plist;
				LD_RUNPATH_SEARCH_PATHS = "$(inherited) @executable_path/Frameworks";
				PRODUCT_NAME = "$(TARGET_NAME)";
			};
			name = Debug;
		};
		A6FFFA4F1AD9596200A544C5 /* Release */ = {
			isa = XCBuildConfiguration;
			buildSettings = {
				ASSETCATALOG_COMPILER_APPICON_NAME = AppIcon;
				INFOPLIST_FILE = ConferenceManagement/Info.plist;
				LD_RUNPATH_SEARCH_PATHS = "$(inherited) @executable_path/Frameworks";
				PRODUCT_NAME = "$(TARGET_NAME)";
			};
			name = Release;
		};
		A6FFFA511AD9596200A544C5 /* Debug */ = {
			isa = XCBuildConfiguration;
			buildSettings = {
				BUNDLE_LOADER = "$(TEST_HOST)";
				FRAMEWORK_SEARCH_PATHS = (
					"$(SDKROOT)/Developer/Library/Frameworks",
					"$(inherited)",
				);
				GCC_PREPROCESSOR_DEFINITIONS = (
					"DEBUG=1",
					"$(inherited)",
				);
				INFOPLIST_FILE = ConferenceManagementTests/Info.plist;
				LD_RUNPATH_SEARCH_PATHS = "$(inherited) @executable_path/Frameworks @loader_path/Frameworks";
				PRODUCT_NAME = "$(TARGET_NAME)";
				TEST_HOST = "$(BUILT_PRODUCTS_DIR)/ConferenceManagement.app/ConferenceManagement";
			};
			name = Debug;
		};
		A6FFFA521AD9596200A544C5 /* Release */ = {
			isa = XCBuildConfiguration;
			buildSettings = {
				BUNDLE_LOADER = "$(TEST_HOST)";
				FRAMEWORK_SEARCH_PATHS = (
					"$(SDKROOT)/Developer/Library/Frameworks",
					"$(inherited)",
				);
				INFOPLIST_FILE = ConferenceManagementTests/Info.plist;
				LD_RUNPATH_SEARCH_PATHS = "$(inherited) @executable_path/Frameworks @loader_path/Frameworks";
				PRODUCT_NAME = "$(TARGET_NAME)";
				TEST_HOST = "$(BUILT_PRODUCTS_DIR)/ConferenceManagement.app/ConferenceManagement";
			};
			name = Release;
		};
/* End XCBuildConfiguration section */

/* Begin XCConfigurationList section */
		A6FFFA251AD9596200A544C5 /* Build configuration list for PBXProject "ConferenceManagement" */ = {
			isa = XCConfigurationList;
			buildConfigurations = (
				A6FFFA4B1AD9596200A544C5 /* Debug */,
				A6FFFA4C1AD9596200A544C5 /* Release */,
			);
			defaultConfigurationIsVisible = 0;
			defaultConfigurationName = Release;
		};
		A6FFFA4D1AD9596200A544C5 /* Build configuration list for PBXNativeTarget "ConferenceManagement" */ = {
			isa = XCConfigurationList;
			buildConfigurations = (
				A6FFFA4E1AD9596200A544C5 /* Debug */,
				A6FFFA4F1AD9596200A544C5 /* Release */,
			);
			defaultConfigurationIsVisible = 0;
		};
		A6FFFA501AD9596200A544C5 /* Build configuration list for PBXNativeTarget "ConferenceManagementTests" */ = {
			isa = XCConfigurationList;
			buildConfigurations = (
				A6FFFA511AD9596200A544C5 /* Debug */,
				A6FFFA521AD9596200A544C5 /* Release */,
			);
			defaultConfigurationIsVisible = 0;
		};
/* End XCConfigurationList section */
	};
	rootObject = A6FFFA221AD9596200A544C5 /* Project object */;
}
